// !$*UTF8*$!
{
	archiveVersion = 1;
	classes = {
	};
	objectVersion = 46;
	objects = {

/* Begin PBXBuildFile section */
		B22B09AE193D825C0097384B /* Foundation.framework in Frameworks */ = {isa = PBXBuildFile; fileRef = B22B09AD193D825C0097384B /* Foundation.framework */; };
		B22B09B0193D825C0097384B /* CoreGraphics.framework in Frameworks */ = {isa = PBXBuildFile; fileRef = B22B09AF193D825C0097384B /* CoreGraphics.framework */; };
		B22B09B2193D825C0097384B /* UIKit.framework in Frameworks */ = {isa = PBXBuildFile; fileRef = B22B09B1193D825C0097384B /* UIKit.framework */; };
		B22B09B8193D825C0097384B /* InfoPlist.strings in Resources */ = {isa = PBXBuildFile; fileRef = B22B09B6193D825C0097384B /* InfoPlist.strings */; };
		B22B09BA193D825C0097384B /* main.m in Sources */ = {isa = PBXBuildFile; fileRef = B22B09B9193D825C0097384B /* main.m */; };
		B22B09BE193D825C0097384B /* CCAppDelegate.m in Sources */ = {isa = PBXBuildFile; fileRef = B22B09BD193D825C0097384B /* CCAppDelegate.m */; };
		B22B09C1193D825C0097384B /* Main.storyboard in Resources */ = {isa = PBXBuildFile; fileRef = B22B09BF193D825C0097384B /* Main.storyboard */; };
		B22B09C4193D825C0097384B /* CCViewController.m in Sources */ = {isa = PBXBuildFile; fileRef = B22B09C3193D825C0097384B /* CCViewController.m */; };
		B22B09C6193D825C0097384B /* Images.xcassets in Resources */ = {isa = PBXBuildFile; fileRef = B22B09C5193D825C0097384B /* Images.xcassets */; };
		B22B09CD193D825C0097384B /* XCTest.framework in Frameworks */ = {isa = PBXBuildFile; fileRef = B22B09CC193D825C0097384B /* XCTest.framework */; };
		B22B09CE193D825C0097384B /* Foundation.framework in Frameworks */ = {isa = PBXBuildFile; fileRef = B22B09AD193D825C0097384B /* Foundation.framework */; };
		B22B09CF193D825C0097384B /* UIKit.framework in Frameworks */ = {isa = PBXBuildFile; fileRef = B22B09B1193D825C0097384B /* UIKit.framework */; };
		B22B09D7193D825C0097384B /* InfoPlist.strings in Resources */ = {isa = PBXBuildFile; fileRef = B22B09D5193D825C0097384B /* InfoPlist.strings */; };
		B22B09D9193D825C0097384B /* Dynamic_To_Do_ListTests.m in Sources */ = {isa = PBXBuildFile; fileRef = B22B09D8193D825C0097384B /* Dynamic_To_Do_ListTests.m */; };
		B22B09E4193D83B00097384B /* CCListData.m in Sources */ = {isa = PBXBuildFile; fileRef = B22B09E3193D83B00097384B /* CCListData.m */; };
/* End PBXBuildFile section */

/* Begin PBXContainerItemProxy section */
		B22B09D0193D825C0097384B /* PBXContainerItemProxy */ = {
			isa = PBXContainerItemProxy;
			containerPortal = B22B09A2193D825C0097384B /* Project object */;
			proxyType = 1;
			remoteGlobalIDString = B22B09A9193D825C0097384B;
			remoteInfo = "Dynamic To Do List";
		};
/* End PBXContainerItemProxy section */

/* Begin PBXFileReference section */
		B22B09AA193D825C0097384B /* Dynamic To Do List.app */ = {isa = PBXFileReference; explicitFileType = wrapper.application; includeInIndex = 0; path = "Dynamic To Do List.app"; sourceTree = BUILT_PRODUCTS_DIR; };
		B22B09AD193D825C0097384B /* Foundation.framework */ = {isa = PBXFileReference; lastKnownFileType = wrapper.framework; name = Foundation.framework; path = System/Library/Frameworks/Foundation.framework; sourceTree = SDKROOT; };
		B22B09AF193D825C0097384B /* CoreGraphics.framework */ = {isa = PBXFileReference; lastKnownFileType = wrapper.framework; name = CoreGraphics.framework; path = System/Library/Frameworks/CoreGraphics.framework; sourceTree = SDKROOT; };
		B22B09B1193D825C0097384B /* UIKit.framework */ = {isa = PBXFileReference; lastKnownFileType = wrapper.framework; name = UIKit.framework; path = System/Library/Frameworks/UIKit.framework; sourceTree = SDKROOT; };
		B22B09B5193D825C0097384B /* Dynamic To Do List-Info.plist */ = {isa = PBXFileReference; lastKnownFileType = text.plist.xml; path = "Dynamic To Do List-Info.plist"; sourceTree = "<group>"; };
		B22B09B7193D825C0097384B /* en */ = {isa = PBXFileReference; lastKnownFileType = text.plist.strings; name = en; path = en.lproj/InfoPlist.strings; sourceTree = "<group>"; };
		B22B09B9193D825C0097384B /* main.m */ = {isa = PBXFileReference; lastKnownFileType = sourcecode.c.objc; path = main.m; sourceTree = "<group>"; };
		B22B09BB193D825C0097384B /* Dynamic To Do List-Prefix.pch */ = {isa = PBXFileReference; lastKnownFileType = sourcecode.c.h; path = "Dynamic To Do List-Prefix.pch"; sourceTree = "<group>"; };
		B22B09BC193D825C0097384B /* CCAppDelegate.h */ = {isa = PBXFileReference; lastKnownFileType = sourcecode.c.h; path = CCAppDelegate.h; sourceTree = "<group>"; };
		B22B09BD193D825C0097384B /* CCAppDelegate.m */ = {isa = PBXFileReference; lastKnownFileType = sourcecode.c.objc; path = CCAppDelegate.m; sourceTree = "<group>"; };
		B22B09C0193D825C0097384B /* Base */ = {isa = PBXFileReference; lastKnownFileType = file.storyboard; name = Base; path = Base.lproj/Main.storyboard; sourceTree = "<group>"; };
		B22B09C2193D825C0097384B /* CCViewController.h */ = {isa = PBXFileReference; lastKnownFileType = sourcecode.c.h; path = CCViewController.h; sourceTree = "<group>"; };
		B22B09C3193D825C0097384B /* CCViewController.m */ = {isa = PBXFileReference; lastKnownFileType = sourcecode.c.objc; path = CCViewController.m; sourceTree = "<group>"; };
		B22B09C5193D825C0097384B /* Images.xcassets */ = {isa = PBXFileReference; lastKnownFileType = folder.assetcatalog; path = Images.xcassets; sourceTree = "<group>"; };
		B22B09CB193D825C0097384B /* Dynamic To Do ListTests.xctest */ = {isa = PBXFileReference; explicitFileType = wrapper.cfbundle; includeInIndex = 0; path = "Dynamic To Do ListTests.xctest"; sourceTree = BUILT_PRODUCTS_DIR; };
		B22B09CC193D825C0097384B /* XCTest.framework */ = {isa = PBXFileReference; lastKnownFileType = wrapper.framework; name = XCTest.framework; path = Library/Frameworks/XCTest.framework; sourceTree = DEVELOPER_DIR; };
		B22B09D4193D825C0097384B /* Dynamic To Do ListTests-Info.plist */ = {isa = PBXFileReference; lastKnownFileType = text.plist.xml; path = "Dynamic To Do ListTests-Info.plist"; sourceTree = "<group>"; };
		B22B09D6193D825C0097384B /* en */ = {isa = PBXFileReference; lastKnownFileType = text.plist.strings; name = en; path = en.lproj/InfoPlist.strings; sourceTree = "<group>"; };
		B22B09D8193D825C0097384B /* Dynamic_To_Do_ListTests.m */ = {isa = PBXFileReference; lastKnownFileType = sourcecode.c.objc; path = Dynamic_To_Do_ListTests.m; sourceTree = "<group>"; };
		B22B09E2193D83B00097384B /* CCListData.h */ = {isa = PBXFileReference; fileEncoding = 4; lastKnownFileType = sourcecode.c.h; path = CCListData.h; sourceTree = "<group>"; };
		B22B09E3193D83B00097384B /* CCListData.m */ = {isa = PBXFileReference; fileEncoding = 4; lastKnownFileType = sourcecode.c.objc; path = CCListData.m; sourceTree = "<group>"; };
/* End PBXFileReference section */

/* Begin PBXFrameworksBuildPhase section */
		B22B09A7193D825C0097384B /* Frameworks */ = {
			isa = PBXFrameworksBuildPhase;
			buildActionMask = 2147483647;
			files = (
				B22B09B0193D825C0097384B /* CoreGraphics.framework in Frameworks */,
				B22B09B2193D825C0097384B /* UIKit.framework in Frameworks */,
				B22B09AE193D825C0097384B /* Foundation.framework in Frameworks */,
			);
			runOnlyForDeploymentPostprocessing = 0;
		};
		B22B09C8193D825C0097384B /* Frameworks */ = {
			isa = PBXFrameworksBuildPhase;
			buildActionMask = 2147483647;
			files = (
				B22B09CD193D825C0097384B /* XCTest.framework in Frameworks */,
				B22B09CF193D825C0097384B /* UIKit.framework in Frameworks */,
				B22B09CE193D825C0097384B /* Foundation.framework in Frameworks */,
			);
			runOnlyForDeploymentPostprocessing = 0;
		};
/* End PBXFrameworksBuildPhase section */

/* Begin PBXGroup section */
		B22B09A1193D825C0097384B = {
			isa = PBXGroup;
			children = (
				B22B09B3193D825C0097384B /* Dynamic To Do List */,
				B22B09D2193D825C0097384B /* Dynamic To Do ListTests */,
				B22B09AC193D825C0097384B /* Frameworks */,
				B22B09AB193D825C0097384B /* Products */,
			);
			sourceTree = "<group>";
		};
		B22B09AB193D825C0097384B /* Products */ = {
			isa = PBXGroup;
			children = (
				B22B09AA193D825C0097384B /* Dynamic To Do List.app */,
				B22B09CB193D825C0097384B /* Dynamic To Do ListTests.xctest */,
			);
			name = Products;
			sourceTree = "<group>";
		};
		B22B09AC193D825C0097384B /* Frameworks */ = {
			isa = PBXGroup;
			children = (
				B22B09AD193D825C0097384B /* Foundation.framework */,
				B22B09AF193D825C0097384B /* CoreGraphics.framework */,
				B22B09B1193D825C0097384B /* UIKit.framework */,
				B22B09CC193D825C0097384B /* XCTest.framework */,
			);
			name = Frameworks;
			sourceTree = "<group>";
		};
		B22B09B3193D825C0097384B /* Dynamic To Do List */ = {
			isa = PBXGroup;
			children = (
				B22B09BC193D825C0097384B /* CCAppDelegate.h */,
				B22B09BD193D825C0097384B /* CCAppDelegate.m */,
				B22B09BF193D825C0097384B /* Main.storyboard */,
				B22B09C2193D825C0097384B /* CCViewController.h */,
				B22B09C3193D825C0097384B /* CCViewController.m */,
				B22B09E2193D83B00097384B /* CCListData.h */,
				B22B09E3193D83B00097384B /* CCListData.m */,
				B22B09C5193D825C0097384B /* Images.xcassets */,
				B22B09B4193D825C0097384B /* Supporting Files */,
			);
			path = "Dynamic To Do List";
			sourceTree = "<group>";
		};
		B22B09B4193D825C0097384B /* Supporting Files */ = {
			isa = PBXGroup;
			children = (
				B22B09B5193D825C0097384B /* Dynamic To Do List-Info.plist */,
				B22B09B6193D825C0097384B /* InfoPlist.strings */,
				B22B09B9193D825C0097384B /* main.m */,
				B22B09BB193D825C0097384B /* Dynamic To Do List-Prefix.pch */,
			);
			name = "Supporting Files";
			sourceTree = "<group>";
		};
		B22B09D2193D825C0097384B /* Dynamic To Do ListTests */ = {
			isa = PBXGroup;
			children = (
				B22B09D8193D825C0097384B /* Dynamic_To_Do_ListTests.m */,
				B22B09D3193D825C0097384B /* Supporting Files */,
			);
			path = "Dynamic To Do ListTests";
			sourceTree = "<group>";
		};
		B22B09D3193D825C0097384B /* Supporting Files */ = {
			isa = PBXGroup;
			children = (
				B22B09D4193D825C0097384B /* Dynamic To Do ListTests-Info.plist */,
				B22B09D5193D825C0097384B /* InfoPlist.strings */,
			);
			name = "Supporting Files";
			sourceTree = "<group>";
		};
/* End PBXGroup section */

/* Begin PBXNativeTarget section */
		B22B09A9193D825C0097384B /* Dynamic To Do List */ = {
			isa = PBXNativeTarget;
			buildConfigurationList = B22B09DC193D825C0097384B /* Build configuration list for PBXNativeTarget "Dynamic To Do List" */;
			buildPhases = (
				B22B09A6193D825C0097384B /* Sources */,
				B22B09A7193D825C0097384B /* Frameworks */,
				B22B09A8193D825C0097384B /* Resources */,
			);
			buildRules = (
			);
			dependencies = (
			);
			name = "Dynamic To Do List";
			productName = "Dynamic To Do List";
			productReference = B22B09AA193D825C0097384B /* Dynamic To Do List.app */;
			productType = "com.apple.product-type.application";
		};
		B22B09CA193D825C0097384B /* Dynamic To Do ListTests */ = {
			isa = PBXNativeTarget;
			buildConfigurationList = B22B09DF193D825C0097384B /* Build configuration list for PBXNativeTarget "Dynamic To Do ListTests" */;
			buildPhases = (
				B22B09C7193D825C0097384B /* Sources */,
				B22B09C8193D825C0097384B /* Frameworks */,
				B22B09C9193D825C0097384B /* Resources */,
			);
			buildRules = (
			);
			dependencies = (
				B22B09D1193D825C0097384B /* PBXTargetDependency */,
			);
			name = "Dynamic To Do ListTests";
			productName = "Dynamic To Do ListTests";
			productReference = B22B09CB193D825C0097384B /* Dynamic To Do ListTests.xctest */;
			productType = "com.apple.product-type.bundle.unit-test";
		};
/* End PBXNativeTarget section */

/* Begin PBXProject section */
		B22B09A2193D825C0097384B /* Project object */ = {
			isa = PBXProject;
			attributes = {
				CLASSPREFIX = CC;
				LastUpgradeCheck = 0510;
				ORGANIZATIONNAME = johnwgarcia;
				TargetAttributes = {
					B22B09CA193D825C0097384B = {
						TestTargetID = B22B09A9193D825C0097384B;
					};
				};
			};
			buildConfigurationList = B22B09A5193D825C0097384B /* Build configuration list for PBXProject "Dynamic To Do List" */;
			compatibilityVersion = "Xcode 3.2";
			developmentRegion = English;
			hasScannedForEncodings = 0;
			knownRegions = (
				en,
				Base,
			);
			mainGroup = B22B09A1193D825C0097384B;
			productRefGroup = B22B09AB193D825C0097384B /* Products */;
			projectDirPath = "";
			projectRoot = "";
			targets = (
				B22B09A9193D825C0097384B /* Dynamic To Do List */,
				B22B09CA193D825C0097384B /* Dynamic To Do ListTests */,
			);
		};
/* End PBXProject section */

/* Begin PBXResourcesBuildPhase section */
		B22B09A8193D825C0097384B /* Resources */ = {
			isa = PBXResourcesBuildPhase;
			buildActionMask = 2147483647;
			files = (
				B22B09C6193D825C0097384B /* Images.xcassets in Resources */,
				B22B09B8193D825C0097384B /* InfoPlist.strings in Resources */,
				B22B09C1193D825C0097384B /* Main.storyboard in Resources */,
			);
			runOnlyForDeploymentPostprocessing = 0;
		};
		B22B09C9193D825C0097384B /* Resources */ = {
			isa = PBXResourcesBuildPhase;
			buildActionMask = 2147483647;
			files = (
				B22B09D7193D825C0097384B /* InfoPlist.strings in Resources */,
			);
			runOnlyForDeploymentPostprocessing = 0;
		};
/* End PBXResourcesBuildPhase section */

/* Begin PBXSourcesBuildPhase section */
		B22B09A6193D825C0097384B /* Sources */ = {
			isa = PBXSourcesBuildPhase;
			buildActionMask = 2147483647;
			files = (
				B22B09BE193D825C0097384B /* CCAppDelegate.m in Sources */,
				B22B09BA193D825C0097384B /* main.m in Sources */,
				B22B09C4193D825C0097384B /* CCViewController.m in Sources */,
				B22B09E4193D83B00097384B /* CCListData.m in Sources */,
			);
			runOnlyForDeploymentPostprocessing = 0;
		};
		B22B09C7193D825C0097384B /* Sources */ = {
			isa = PBXSourcesBuildPhase;
			buildActionMask = 2147483647;
			files = (
				B22B09D9193D825C0097384B /* Dynamic_To_Do_ListTests.m in Sources */,
			);
			runOnlyForDeploymentPostprocessing = 0;
		};
/* End PBXSourcesBuildPhase section */

/* Begin PBXTargetDependency section */
		B22B09D1193D825C0097384B /* PBXTargetDependency */ = {
			isa = PBXTargetDependency;
			target = B22B09A9193D825C0097384B /* Dynamic To Do List */;
			targetProxy = B22B09D0193D825C0097384B /* PBXContainerItemProxy */;
		};
/* End PBXTargetDependency section */

/* Begin PBXVariantGroup section */
		B22B09B6193D825C0097384B /* InfoPlist.strings */ = {
			isa = PBXVariantGroup;
			children = (
				B22B09B7193D825C0097384B /* en */,
			);
			name = InfoPlist.strings;
			sourceTree = "<group>";
		};
		B22B09BF193D825C0097384B /* Main.storyboard */ = {
			isa = PBXVariantGroup;
			children = (
				B22B09C0193D825C0097384B /* Base */,
			);
			name = Main.storyboard;
			sourceTree = "<group>";
		};
		B22B09D5193D825C0097384B /* InfoPlist.strings */ = {
			isa = PBXVariantGroup;
			children = (
				B22B09D6193D825C0097384B /* en */,
			);
			name = InfoPlist.strings;
			sourceTree = "<group>";
		};
/* End PBXVariantGroup section */

/* Begin XCBuildConfiguration section */
		B22B09DA193D825C0097384B /* Debug */ = {
			isa = XCBuildConfiguration;
			buildSettings = {
				ALWAYS_SEARCH_USER_PATHS = NO;
				CLANG_CXX_LANGUAGE_STANDARD = "gnu++0x";
				CLANG_CXX_LIBRARY = "libc++";
				CLANG_ENABLE_MODULES = YES;
				CLANG_ENABLE_OBJC_ARC = YES;
				CLANG_WARN_BOOL_CONVERSION = YES;
				CLANG_WARN_CONSTANT_CONVERSION = YES;
				CLANG_WARN_DIRECT_OBJC_ISA_USAGE = YES_ERROR;
				CLANG_WARN_EMPTY_BODY = YES;
				CLANG_WARN_ENUM_CONVERSION = YES;
				CLANG_WARN_INT_CONVERSION = YES;
				CLANG_WARN_OBJC_ROOT_CLASS = YES_ERROR;
				CLANG_WARN__DUPLICATE_METHOD_MATCH = YES;
				"CODE_SIGN_IDENTITY[sdk=iphoneos*]" = "iPhone Developer";
				COPY_PHASE_STRIP = NO;
				GCC_C_LANGUAGE_STANDARD = gnu99;
				GCC_DYNAMIC_NO_PIC = NO;
				GCC_OPTIMIZATION_LEVEL = 0;
				GCC_PREPROCESSOR_DEFINITIONS = (
					"DEBUG=1",
					"$(inherited)",
				);
				GCC_SYMBOLS_PRIVATE_EXTERN = NO;
				GCC_WARN_64_TO_32_BIT_CONVERSION = YES;
				GCC_WARN_ABOUT_RETURN_TYPE = YES_ERROR;
				GCC_WARN_UNDECLARED_SELECTOR = YES;
				GCC_WARN_UNINITIALIZED_AUTOS = YES_AGGRESSIVE;
				GCC_WARN_UNUSED_FUNCTION = YES;
				GCC_WARN_UNUSED_VARIABLE = YES;
				IPHONEOS_DEPLOYMENT_TARGET = 7.1;
				ONLY_ACTIVE_ARCH = YES;
				SDKROOT = iphoneos;
			};
			name = Debug;
		};
		B22B09DB193D825C0097384B /* Release */ = {
			isa = XCBuildConfiguration;
			buildSettings = {
				ALWAYS_SEARCH_USER_PATHS = NO;
				CLANG_CXX_LANGUAGE_STANDARD = "gnu++0x";
				CLANG_CXX_LIBRARY = "libc++";
				CLANG_ENABLE_MODULES = YES;
				CLANG_ENABLE_OBJC_ARC = YES;
				CLANG_WARN_BOOL_CONVERSION = YES;
				CLANG_WARN_CONSTANT_CONVERSION = YES;
				CLANG_WARN_DIRECT_OBJC_ISA_USAGE = YES_ERROR;
				CLANG_WARN_EMPTY_BODY = YES;
				CLANG_WARN_ENUM_CONVERSION = YES;
				CLANG_WARN_INT_CONVERSION = YES;
				CLANG_WARN_OBJC_ROOT_CLASS = YES_ERROR;
				CLANG_WARN__DUPLICATE_METHOD_MATCH = YES;
				"CODE_SIGN_IDENTITY[sdk=iphoneos*]" = "iPhone Developer";
				COPY_PHASE_STRIP = YES;
				ENABLE_NS_ASSERTIONS = NO;
				GCC_C_LANGUAGE_STANDARD = gnu99;
				GCC_WARN_64_TO_32_BIT_CONVERSION = YES;
				GCC_WARN_ABOUT_RETURN_TYPE = YES_ERROR;
				GCC_WARN_UNDECLARED_SELECTOR = YES;
				GCC_WARN_UNINITIALIZED_AUTOS = YES_AGGRESSIVE;
				GCC_WARN_UNUSED_FUNCTION = YES;
				GCC_WARN_UNUSED_VARIABLE = YES;
				IPHONEOS_DEPLOYMENT_TARGET = 7.1;
				SDKROOT = iphoneos;
				VALIDATE_PRODUCT = YES;
			};
			name = Release;
		};
		B22B09DD193D825C0097384B /* Debug */ = {
			isa = XCBuildConfiguration;
			buildSettings = {
				ASSETCATALOG_COMPILER_APPICON_NAME = AppIcon;
				ASSETCATALOG_COMPILER_LAUNCHIMAGE_NAME = LaunchImage;
				GCC_PRECOMPILE_PREFIX_HEADER = YES;
				GCC_PREFIX_HEADER = "Dynamic To Do List/Dynamic To Do List-Prefix.pch";
				INFOPLIST_FILE = "Dynamic To Do List/Dynamic To Do List-Info.plist";
				PRODUCT_NAME = "$(TARGET_NAME)";
				WRAPPER_EXTENSION = app;
			};
			name = Debug;
		};
		B22B09DE193D825C0097384B /* Release */ = {
			isa = XCBuildConfiguration;
			buildSettings = {
				ASSETCATALOG_COMPILER_APPICON_NAME = AppIcon;
				ASSETCATALOG_COMPILER_LAUNCHIMAGE_NAME = LaunchImage;
				GCC_PRECOMPILE_PREFIX_HEADER = YES;
				GCC_PREFIX_HEADER = "Dynamic To Do List/Dynamic To Do List-Prefix.pch";
				INFOPLIST_FILE = "Dynamic To Do List/Dynamic To Do List-Info.plist";
				PRODUCT_NAME = "$(TARGET_NAME)";
				WRAPPER_EXTENSION = app;
			};
			name = Release;
		};
		B22B09E0193D825C0097384B /* Debug */ = {
			isa = XCBuildConfiguration;
			buildSettings = {
				BUNDLE_LOADER = "$(BUILT_PRODUCTS_DIR)/Dynamic To Do List.app/Dynamic To Do List";
				FRAMEWORK_SEARCH_PATHS = (
					"$(SDKROOT)/Developer/Library/Frameworks",
					"$(inherited)",
					"$(DEVELOPER_FRAMEWORKS_DIR)",
				);
				GCC_PRECOMPILE_PREFIX_HEADER = YES;
				GCC_PREFIX_HEADER = "Dynamic To Do List/Dynamic To Do List-Prefix.pch";
				GCC_PREPROCESSOR_DEFINITIONS = (
					"DEBUG=1",
					"$(inherited)",
				);
				INFOPLIST_FILE = "Dynamic To Do ListTests/Dynamic To Do ListTests-Info.plist";
				PRODUCT_NAME = "$(TARGET_NAME)";
				TEST_HOST = "$(BUNDLE_LOADER)";
				WRAPPER_EXTENSION = xctest;
			};
			name = Debug;
		};
		B22B09E1193D825C0097384B /* Release */ = {
			isa = XCBuildConfiguration;
			buildSettings = {
				BUNDLE_LOADER = "$(BUILT_PRODUCTS_DIR)/Dynamic To Do List.app/Dynamic To Do List";
				FRAMEWORK_SEARCH_PATHS = (
					"$(SDKROOT)/Developer/Library/Frameworks",
					"$(inherited)",
					"$(DEVELOPER_FRAMEWORKS_DIR)",
				);
				GCC_PRECOMPILE_PREFIX_HEADER = YES;
				GCC_PREFIX_HEADER = "Dynamic To Do List/Dynamic To Do List-Prefix.pch";
				INFOPLIST_FILE = "Dynamic To Do ListTests/Dynamic To Do ListTests-Info.plist";
				PRODUCT_NAME = "$(TARGET_NAME)";
				TEST_HOST = "$(BUNDLE_LOADER)";
				WRAPPER_EXTENSION = xctest;
			};
			name = Release;
		};
/* End XCBuildConfiguration section */

/* Begin XCConfigurationList section */
		B22B09A5193D825C0097384B /* Build configuration list for PBXProject "Dynamic To Do List" */ = {
			isa = XCConfigurationList;
			buildConfigurations = (
				B22B09DA193D825C0097384B /* Debug */,
				B22B09DB193D825C0097384B /* Release */,
			);
			defaultConfigurationIsVisible = 0;
			defaultConfigurationName = Release;
		};
		B22B09DC193D825C0097384B /* Build configuration list for PBXNativeTarget "Dynamic To Do List" */ = {
			isa = XCConfigurationList;
			buildConfigurations = (
				B22B09DD193D825C0097384B /* Debug */,
				B22B09DE193D825C0097384B /* Release */,
			);
			defaultConfigurationIsVisible = 0;
		};
		B22B09DF193D825C0097384B /* Build configuration list for PBXNativeTarget "Dynamic To Do ListTests" */ = {
			isa = XCConfigurationList;
			buildConfigurations = (
				B22B09E0193D825C0097384B /* Debug */,
				B22B09E1193D825C0097384B /* Release */,
			);
			defaultConfigurationIsVisible = 0;
		};
/* End XCConfigurationList section */
	};
	rootObject = B22B09A2193D825C0097384B /* Project object */;
}
